
Microsoft Visual Studio Solution File, Format Version 12.00
# Visual Studio Version 17
VisualStudioVersion = 17.2.32630.192
MinimumVisualStudioVersion = 10.0.40219.1
Project("{FAE04EC0-301F-11D3-BF4B-00C04F79EFBC}") = "webapp", "webapp\webapp.csproj", "{D105444B-E0FD-4B30-A039-68382E63F94E}"
EndProject
Global
	GlobalSection(SolutionConfigurationPlatforms) = preSolution
		Debug|Any CPU = Debug|Any CPU
		Release|Any CPU = Release|Any CPU
	EndGlobalSection
	GlobalSection(ProjectConfigurationPlatforms) = postSolution
		{D105444B-E0FD-4B30-A039-68382E63F94E}.Debug|Any CPU.ActiveCfg = Debug|Any CPU
		{D105444B-E0FD-4B30-A039-68382E63F94E}.Debug|Any CPU.Build.0 = Debug|Any CPU
		{D105444B-E0FD-4B30-A039-68382E63F94E}.Release|Any CPU.ActiveCfg = Release|Any CPU
		{D105444B-E0FD-4B30-A039-68382E63F94E}.Release|Any CPU.Build.0 = Release|Any CPU
	EndGlobalSection
	GlobalSection(SolutionProperties) = preSolution
		HideSolutionNode = FALSE
	EndGlobalSection
	GlobalSection(ExtensibilityGlobals) = postSolution
		SolutionGuid = {A4490C8F-5BFB-495F-B234-2DBC556BFC7A}
	EndGlobalSection
EndGlobal
